// !$*UTF8*$!
{
	archiveVersion = 1;
	classes = {
	};
	objectVersion = 56;
	objects = {

/* Begin PBXBuildFile section */
		261898D92B6E388F002BA56D /* DeckView.swift in Sources */ = {isa = PBXBuildFile; fileRef = 261898D82B6E388F002BA56D /* DeckView.swift */; };
		263049062B5FFD68000EBBDD /* yu_gi_oh_cardexApp.swift in Sources */ = {isa = PBXBuildFile; fileRef = 263049052B5FFD68000EBBDD /* yu_gi_oh_cardexApp.swift */; };
		2630490A2B5FFD69000EBBDD /* Assets.xcassets in Resources */ = {isa = PBXBuildFile; fileRef = 263049092B5FFD69000EBBDD /* Assets.xcassets */; };
		2630490D2B5FFD69000EBBDD /* Preview Assets.xcassets in Resources */ = {isa = PBXBuildFile; fileRef = 2630490C2B5FFD69000EBBDD /* Preview Assets.xcassets */; };
		263049142B600290000EBBDD /* Card.swift in Sources */ = {isa = PBXBuildFile; fileRef = 263049132B600290000EBBDD /* Card.swift */; };
		2630491E2B600A49000EBBDD /* CardData.swift in Sources */ = {isa = PBXBuildFile; fileRef = 2630491D2B600A49000EBBDD /* CardData.swift */; };
		263049202B601595000EBBDD /* SearchView.swift in Sources */ = {isa = PBXBuildFile; fileRef = 2630491F2B601595000EBBDD /* SearchView.swift */; };
		263049222B6015A3000EBBDD /* ProfileView.swift in Sources */ = {isa = PBXBuildFile; fileRef = 263049212B6015A3000EBBDD /* ProfileView.swift */; };
		263049242B6015B9000EBBDD /* MoreView.swift in Sources */ = {isa = PBXBuildFile; fileRef = 263049232B6015B9000EBBDD /* MoreView.swift */; };
		264164632B6FBEC00029918A /* TestView.swift in Sources */ = {isa = PBXBuildFile; fileRef = 264164622B6FBEC00029918A /* TestView.swift */; };
		265CD4532B673546005A4EF9 /* Theme.swift in Sources */ = {isa = PBXBuildFile; fileRef = 265CD4522B673546005A4EF9 /* Theme.swift */; };
		26745A372B65D12500424611 /* SmallCardView.swift in Sources */ = {isa = PBXBuildFile; fileRef = 26745A362B65D12500424611 /* SmallCardView.swift */; };
		26745A392B65D13200424611 /* CardView.swift in Sources */ = {isa = PBXBuildFile; fileRef = 26745A382B65D13200424611 /* CardView.swift */; };
		269301E32B6C06F4002A2048 /* PackSimulatorView.swift in Sources */ = {isa = PBXBuildFile; fileRef = 269301E22B6C06F4002A2048 /* PackSimulatorView.swift */; };
		269301E72B6C1447002A2048 /* DecksView.swift in Sources */ = {isa = PBXBuildFile; fileRef = 269301E62B6C1447002A2048 /* DecksView.swift */; };
		269301E92B6C1459002A2048 /* AboutView.swift in Sources */ = {isa = PBXBuildFile; fileRef = 269301E82B6C1459002A2048 /* AboutView.swift */; };
		269301EB2B6C1466002A2048 /* SettingsView.swift in Sources */ = {isa = PBXBuildFile; fileRef = 269301EA2B6C1466002A2048 /* SettingsView.swift */; };
		269301ED2B6C3C0C002A2048 /* LogInView.swift in Sources */ = {isa = PBXBuildFile; fileRef = 269301EC2B6C3C0C002A2048 /* LogInView.swift */; };
		26CAC3832B67CAEF0019C2AC /* CardLegendView.swift in Sources */ = {isa = PBXBuildFile; fileRef = 26CAC3822B67CAEF0019C2AC /* CardLegendView.swift */; };
		26CAC3872B67FD840019C2AC /* UserData.swift in Sources */ = {isa = PBXBuildFile; fileRef = 26CAC3862B67FD840019C2AC /* UserData.swift */; };
		26CAC3892B67FE400019C2AC /* User.swift in Sources */ = {isa = PBXBuildFile; fileRef = 26CAC3882B67FE400019C2AC /* User.swift */; };
		26CAC38B2B6823460019C2AC /* RegisterView.swift in Sources */ = {isa = PBXBuildFile; fileRef = 26CAC38A2B6823460019C2AC /* RegisterView.swift */; };
		26CFADE52B6ADB7800E05447 /* GlowBorder.swift in Sources */ = {isa = PBXBuildFile; fileRef = 26CFADE42B6ADB7800E05447 /* GlowBorder.swift */; };
/* End PBXBuildFile section */

/* Begin PBXFileReference section */
		261898D82B6E388F002BA56D /* DeckView.swift */ = {isa = PBXFileReference; lastKnownFileType = sourcecode.swift; path = DeckView.swift; sourceTree = "<group>"; };
		263049022B5FFD68000EBBDD /* yu-gi-oh-cardex.app */ = {isa = PBXFileReference; explicitFileType = wrapper.application; includeInIndex = 0; path = "yu-gi-oh-cardex.app"; sourceTree = BUILT_PRODUCTS_DIR; };
		263049052B5FFD68000EBBDD /* yu_gi_oh_cardexApp.swift */ = {isa = PBXFileReference; lastKnownFileType = sourcecode.swift; path = yu_gi_oh_cardexApp.swift; sourceTree = "<group>"; };
		263049092B5FFD69000EBBDD /* Assets.xcassets */ = {isa = PBXFileReference; lastKnownFileType = folder.assetcatalog; path = Assets.xcassets; sourceTree = "<group>"; };
		2630490C2B5FFD69000EBBDD /* Preview Assets.xcassets */ = {isa = PBXFileReference; lastKnownFileType = folder.assetcatalog; path = "Preview Assets.xcassets"; sourceTree = "<group>"; };
		263049132B600290000EBBDD /* Card.swift */ = {isa = PBXFileReference; lastKnownFileType = sourcecode.swift; path = Card.swift; sourceTree = "<group>"; };
		2630491D2B600A49000EBBDD /* CardData.swift */ = {isa = PBXFileReference; lastKnownFileType = sourcecode.swift; path = CardData.swift; sourceTree = "<group>"; };
		2630491F2B601595000EBBDD /* SearchView.swift */ = {isa = PBXFileReference; lastKnownFileType = sourcecode.swift; path = SearchView.swift; sourceTree = "<group>"; };
		263049212B6015A3000EBBDD /* ProfileView.swift */ = {isa = PBXFileReference; lastKnownFileType = sourcecode.swift; path = ProfileView.swift; sourceTree = "<group>"; };
		263049232B6015B9000EBBDD /* MoreView.swift */ = {isa = PBXFileReference; lastKnownFileType = sourcecode.swift; path = MoreView.swift; sourceTree = "<group>"; };
		264164622B6FBEC00029918A /* TestView.swift */ = {isa = PBXFileReference; lastKnownFileType = sourcecode.swift; path = TestView.swift; sourceTree = "<group>"; };
		265CD4522B673546005A4EF9 /* Theme.swift */ = {isa = PBXFileReference; lastKnownFileType = sourcecode.swift; path = Theme.swift; sourceTree = "<group>"; };
		26745A362B65D12500424611 /* SmallCardView.swift */ = {isa = PBXFileReference; lastKnownFileType = sourcecode.swift; path = SmallCardView.swift; sourceTree = "<group>"; };
		26745A382B65D13200424611 /* CardView.swift */ = {isa = PBXFileReference; lastKnownFileType = sourcecode.swift; path = CardView.swift; sourceTree = "<group>"; };
		269301E22B6C06F4002A2048 /* PackSimulatorView.swift */ = {isa = PBXFileReference; lastKnownFileType = sourcecode.swift; path = PackSimulatorView.swift; sourceTree = "<group>"; };
		269301E62B6C1447002A2048 /* DecksView.swift */ = {isa = PBXFileReference; lastKnownFileType = sourcecode.swift; path = DecksView.swift; sourceTree = "<group>"; };
		269301E82B6C1459002A2048 /* AboutView.swift */ = {isa = PBXFileReference; lastKnownFileType = sourcecode.swift; path = AboutView.swift; sourceTree = "<group>"; };
		269301EA2B6C1466002A2048 /* SettingsView.swift */ = {isa = PBXFileReference; lastKnownFileType = sourcecode.swift; path = SettingsView.swift; sourceTree = "<group>"; };
		269301EC2B6C3C0C002A2048 /* LogInView.swift */ = {isa = PBXFileReference; lastKnownFileType = sourcecode.swift; path = LogInView.swift; sourceTree = "<group>"; };
		26CAC3822B67CAEF0019C2AC /* CardLegendView.swift */ = {isa = PBXFileReference; lastKnownFileType = sourcecode.swift; path = CardLegendView.swift; sourceTree = "<group>"; };
		26CAC3862B67FD840019C2AC /* UserData.swift */ = {isa = PBXFileReference; lastKnownFileType = sourcecode.swift; path = UserData.swift; sourceTree = "<group>"; };
		26CAC3882B67FE400019C2AC /* User.swift */ = {isa = PBXFileReference; lastKnownFileType = sourcecode.swift; path = User.swift; sourceTree = "<group>"; };
		26CAC38A2B6823460019C2AC /* RegisterView.swift */ = {isa = PBXFileReference; lastKnownFileType = sourcecode.swift; path = RegisterView.swift; sourceTree = "<group>"; };
		26CFADE42B6ADB7800E05447 /* GlowBorder.swift */ = {isa = PBXFileReference; lastKnownFileType = sourcecode.swift; path = GlowBorder.swift; sourceTree = "<group>"; };
/* End PBXFileReference section */

/* Begin PBXFrameworksBuildPhase section */
		263048FF2B5FFD68000EBBDD /* Frameworks */ = {
			isa = PBXFrameworksBuildPhase;
			buildActionMask = 2147483647;
			files = (
			);
			runOnlyForDeploymentPostprocessing = 0;
		};
/* End PBXFrameworksBuildPhase section */

/* Begin PBXGroup section */
		261898DA2B6EF497002BA56D /* Card Content */ = {
			isa = PBXGroup;
			children = (
				261898D82B6E388F002BA56D /* DeckView.swift */,
				26CAC3822B67CAEF0019C2AC /* CardLegendView.swift */,
				26745A382B65D13200424611 /* CardView.swift */,
				26745A362B65D12500424611 /* SmallCardView.swift */,
				2630491D2B600A49000EBBDD /* CardData.swift */,
				263049132B600290000EBBDD /* Card.swift */,
			);
			path = "Card Content";
			sourceTree = "<group>";
		};
		261898DB2B6EF4D6002BA56D /* Profile Content */ = {
			isa = PBXGroup;
			children = (
				26CAC38A2B6823460019C2AC /* RegisterView.swift */,
				269301EC2B6C3C0C002A2048 /* LogInView.swift */,
				26CAC3862B67FD840019C2AC /* UserData.swift */,
				26CAC3882B67FE400019C2AC /* User.swift */,
			);
			path = "Profile Content";
			sourceTree = "<group>";
		};
		261898DC2B6EF520002BA56D /* Additional Content */ = {
			isa = PBXGroup;
			children = (
				26CFADE42B6ADB7800E05447 /* GlowBorder.swift */,
				265CD4522B673546005A4EF9 /* Theme.swift */,
			);
			path = "Additional Content";
			sourceTree = "<group>";
		};
		261898DD2B6EF53A002BA56D /* More Content */ = {
			isa = PBXGroup;
			children = (
				269301E22B6C06F4002A2048 /* PackSimulatorView.swift */,
				269301E62B6C1447002A2048 /* DecksView.swift */,
				269301E82B6C1459002A2048 /* AboutView.swift */,
				269301EA2B6C1466002A2048 /* SettingsView.swift */,
			);
			path = "More Content";
			sourceTree = "<group>";
		};
		263048F92B5FFD68000EBBDD = {
			isa = PBXGroup;
			children = (
				264164622B6FBEC00029918A /* TestView.swift */,
				263049042B5FFD68000EBBDD /* yu-gi-oh-cardex */,
				263049032B5FFD68000EBBDD /* Products */,
			);
			sourceTree = "<group>";
		};
		263049032B5FFD68000EBBDD /* Products */ = {
			isa = PBXGroup;
			children = (
				263049022B5FFD68000EBBDD /* yu-gi-oh-cardex.app */,
			);
			name = Products;
			sourceTree = "<group>";
		};
		263049042B5FFD68000EBBDD /* yu-gi-oh-cardex */ = {
			isa = PBXGroup;
			children = (
				263049052B5FFD68000EBBDD /* yu_gi_oh_cardexApp.swift */,
				263049232B6015B9000EBBDD /* MoreView.swift */,
				2630491F2B601595000EBBDD /* SearchView.swift */,
				263049212B6015A3000EBBDD /* ProfileView.swift */,
				261898DD2B6EF53A002BA56D /* More Content */,
				261898DC2B6EF520002BA56D /* Additional Content */,
				261898DB2B6EF4D6002BA56D /* Profile Content */,
				261898DA2B6EF497002BA56D /* Card Content */,
				263049092B5FFD69000EBBDD /* Assets.xcassets */,
				2630490B2B5FFD69000EBBDD /* Preview Content */,
			);
			path = "yu-gi-oh-cardex";
			sourceTree = "<group>";
		};
		2630490B2B5FFD69000EBBDD /* Preview Content */ = {
			isa = PBXGroup;
			children = (
				2630490C2B5FFD69000EBBDD /* Preview Assets.xcassets */,
			);
			path = "Preview Content";
			sourceTree = "<group>";
		};
/* End PBXGroup section */

/* Begin PBXNativeTarget section */
		263049012B5FFD68000EBBDD /* yu-gi-oh-cardex */ = {
			isa = PBXNativeTarget;
			buildConfigurationList = 263049102B5FFD69000EBBDD /* Build configuration list for PBXNativeTarget "yu-gi-oh-cardex" */;
			buildPhases = (
				263048FE2B5FFD68000EBBDD /* Sources */,
				263048FF2B5FFD68000EBBDD /* Frameworks */,
				263049002B5FFD68000EBBDD /* Resources */,
			);
			buildRules = (
			);
			dependencies = (
			);
			name = "yu-gi-oh-cardex";
			productName = "yu-gi-oh-cardex";
			productReference = 263049022B5FFD68000EBBDD /* yu-gi-oh-cardex.app */;
			productType = "com.apple.product-type.application";
		};
/* End PBXNativeTarget section */

/* Begin PBXProject section */
		263048FA2B5FFD68000EBBDD /* Project object */ = {
			isa = PBXProject;
			attributes = {
				BuildIndependentTargetsInParallel = 1;
				LastSwiftUpdateCheck = 1500;
				LastUpgradeCheck = 1500;
				TargetAttributes = {
					263049012B5FFD68000EBBDD = {
						CreatedOnToolsVersion = 15.0.1;
					};
				};
			};
			buildConfigurationList = 263048FD2B5FFD68000EBBDD /* Build configuration list for PBXProject "yu-gi-oh-cardex" */;
			compatibilityVersion = "Xcode 14.0";
			developmentRegion = en;
			hasScannedForEncodings = 0;
			knownRegions = (
				en,
				Base,
			);
			mainGroup = 263048F92B5FFD68000EBBDD;
			productRefGroup = 263049032B5FFD68000EBBDD /* Products */;
			projectDirPath = "";
			projectRoot = "";
			targets = (
				263049012B5FFD68000EBBDD /* yu-gi-oh-cardex */,
			);
		};
/* End PBXProject section */

/* Begin PBXResourcesBuildPhase section */
		263049002B5FFD68000EBBDD /* Resources */ = {
			isa = PBXResourcesBuildPhase;
			buildActionMask = 2147483647;
			files = (
				2630490D2B5FFD69000EBBDD /* Preview Assets.xcassets in Resources */,
				2630490A2B5FFD69000EBBDD /* Assets.xcassets in Resources */,
			);
			runOnlyForDeploymentPostprocessing = 0;
		};
/* End PBXResourcesBuildPhase section */

/* Begin PBXSourcesBuildPhase section */
		263048FE2B5FFD68000EBBDD /* Sources */ = {
			isa = PBXSourcesBuildPhase;
			buildActionMask = 2147483647;
			files = (
				264164632B6FBEC00029918A /* TestView.swift in Sources */,
				269301EB2B6C1466002A2048 /* SettingsView.swift in Sources */,
				26CAC3892B67FE400019C2AC /* User.swift in Sources */,
				26CFADE52B6ADB7800E05447 /* GlowBorder.swift in Sources */,
				269301E92B6C1459002A2048 /* AboutView.swift in Sources */,
				269301E32B6C06F4002A2048 /* PackSimulatorView.swift in Sources */,
				263049202B601595000EBBDD /* SearchView.swift in Sources */,
				26CAC38B2B6823460019C2AC /* RegisterView.swift in Sources */,
				263049222B6015A3000EBBDD /* ProfileView.swift in Sources */,
				269301E72B6C1447002A2048 /* DecksView.swift in Sources */,
				269301ED2B6C3C0C002A2048 /* LogInView.swift in Sources */,
				26745A372B65D12500424611 /* SmallCardView.swift in Sources */,
				263049142B600290000EBBDD /* Card.swift in Sources */,
				26CAC3832B67CAEF0019C2AC /* CardLegendView.swift in Sources */,
				26CAC3872B67FD840019C2AC /* UserData.swift in Sources */,
				26745A392B65D13200424611 /* CardView.swift in Sources */,
				2630491E2B600A49000EBBDD /* CardData.swift in Sources */,
				261898D92B6E388F002BA56D /* DeckView.swift in Sources */,
				265CD4532B673546005A4EF9 /* Theme.swift in Sources */,
				263049062B5FFD68000EBBDD /* yu_gi_oh_cardexApp.swift in Sources */,
				263049242B6015B9000EBBDD /* MoreView.swift in Sources */,
			);
			runOnlyForDeploymentPostprocessing = 0;
		};
/* End PBXSourcesBuildPhase section */

/* Begin XCBuildConfiguration section */
		2630490E2B5FFD69000EBBDD /* Debug */ = {
			isa = XCBuildConfiguration;
			buildSettings = {
				ALWAYS_SEARCH_USER_PATHS = NO;
				ASSETCATALOG_COMPILER_GENERATE_SWIFT_ASSET_SYMBOL_EXTENSIONS = YES;
				CLANG_ANALYZER_NONNULL = YES;
				CLANG_ANALYZER_NUMBER_OBJECT_CONVERSION = YES_AGGRESSIVE;
				CLANG_CXX_LANGUAGE_STANDARD = "gnu++20";
				CLANG_ENABLE_MODULES = YES;
				CLANG_ENABLE_OBJC_ARC = YES;
				CLANG_ENABLE_OBJC_WEAK = YES;
				CLANG_WARN_BLOCK_CAPTURE_AUTORELEASING = YES;
				CLANG_WARN_BOOL_CONVERSION = YES;
				CLANG_WARN_COMMA = YES;
				CLANG_WARN_CONSTANT_CONVERSION = YES;
				CLANG_WARN_DEPRECATED_OBJC_IMPLEMENTATIONS = YES;
				CLANG_WARN_DIRECT_OBJC_ISA_USAGE = YES_ERROR;
				CLANG_WARN_DOCUMENTATION_COMMENTS = YES;
				CLANG_WARN_EMPTY_BODY = YES;
				CLANG_WARN_ENUM_CONVERSION = YES;
				CLANG_WARN_INFINITE_RECURSION = YES;
				CLANG_WARN_INT_CONVERSION = YES;
				CLANG_WARN_NON_LITERAL_NULL_CONVERSION = YES;
				CLANG_WARN_OBJC_IMPLICIT_RETAIN_SELF = YES;
				CLANG_WARN_OBJC_LITERAL_CONVERSION = YES;
				CLANG_WARN_OBJC_ROOT_CLASS = YES_ERROR;
				CLANG_WARN_QUOTED_INCLUDE_IN_FRAMEWORK_HEADER = YES;
				CLANG_WARN_RANGE_LOOP_ANALYSIS = YES;
				CLANG_WARN_STRICT_PROTOTYPES = YES;
				CLANG_WARN_SUSPICIOUS_MOVE = YES;
				CLANG_WARN_UNGUARDED_AVAILABILITY = YES_AGGRESSIVE;
				CLANG_WARN_UNREACHABLE_CODE = YES;
				CLANG_WARN__DUPLICATE_METHOD_MATCH = YES;
				COPY_PHASE_STRIP = NO;
				DEBUG_INFORMATION_FORMAT = dwarf;
				ENABLE_STRICT_OBJC_MSGSEND = YES;
				ENABLE_TESTABILITY = YES;
				ENABLE_USER_SCRIPT_SANDBOXING = YES;
				GCC_C_LANGUAGE_STANDARD = gnu17;
				GCC_DYNAMIC_NO_PIC = NO;
				GCC_NO_COMMON_BLOCKS = YES;
				GCC_OPTIMIZATION_LEVEL = 0;
				GCC_PREPROCESSOR_DEFINITIONS = (
					"DEBUG=1",
					"$(inherited)",
				);
				GCC_WARN_64_TO_32_BIT_CONVERSION = YES;
				GCC_WARN_ABOUT_RETURN_TYPE = YES_ERROR;
				GCC_WARN_UNDECLARED_SELECTOR = YES;
				GCC_WARN_UNINITIALIZED_AUTOS = YES_AGGRESSIVE;
				GCC_WARN_UNUSED_FUNCTION = YES;
				GCC_WARN_UNUSED_VARIABLE = YES;
				IPHONEOS_DEPLOYMENT_TARGET = 17.0;
				LOCALIZATION_PREFERS_STRING_CATALOGS = YES;
				MTL_ENABLE_DEBUG_INFO = INCLUDE_SOURCE;
				MTL_FAST_MATH = YES;
				ONLY_ACTIVE_ARCH = YES;
				SDKROOT = iphoneos;
				SWIFT_ACTIVE_COMPILATION_CONDITIONS = "DEBUG $(inherited)";
				SWIFT_OPTIMIZATION_LEVEL = "-Onone";
			};
			name = Debug;
		};
		2630490F2B5FFD69000EBBDD /* Release */ = {
			isa = XCBuildConfiguration;
			buildSettings = {
				ALWAYS_SEARCH_USER_PATHS = NO;
				ASSETCATALOG_COMPILER_GENERATE_SWIFT_ASSET_SYMBOL_EXTENSIONS = YES;
				CLANG_ANALYZER_NONNULL = YES;
				CLANG_ANALYZER_NUMBER_OBJECT_CONVERSION = YES_AGGRESSIVE;
				CLANG_CXX_LANGUAGE_STANDARD = "gnu++20";
				CLANG_ENABLE_MODULES = YES;
				CLANG_ENABLE_OBJC_ARC = YES;
				CLANG_ENABLE_OBJC_WEAK = YES;
				CLANG_WARN_BLOCK_CAPTURE_AUTORELEASING = YES;
				CLANG_WARN_BOOL_CONVERSION = YES;
				CLANG_WARN_COMMA = YES;
				CLANG_WARN_CONSTANT_CONVERSION = YES;
				CLANG_WARN_DEPRECATED_OBJC_IMPLEMENTATIONS = YES;
				CLANG_WARN_DIRECT_OBJC_ISA_USAGE = YES_ERROR;
				CLANG_WARN_DOCUMENTATION_COMMENTS = YES;
				CLANG_WARN_EMPTY_BODY = YES;
				CLANG_WARN_ENUM_CONVERSION = YES;
				CLANG_WARN_INFINITE_RECURSION = YES;
				CLANG_WARN_INT_CONVERSION = YES;
				CLANG_WARN_NON_LITERAL_NULL_CONVERSION = YES;
				CLANG_WARN_OBJC_IMPLICIT_RETAIN_SELF = YES;
				CLANG_WARN_OBJC_LITERAL_CONVERSION = YES;
				CLANG_WARN_OBJC_ROOT_CLASS = YES_ERROR;
				CLANG_WARN_QUOTED_INCLUDE_IN_FRAMEWORK_HEADER = YES;
				CLANG_WARN_RANGE_LOOP_ANALYSIS = YES;
				CLANG_WARN_STRICT_PROTOTYPES = YES;
				CLANG_WARN_SUSPICIOUS_MOVE = YES;
				CLANG_WARN_UNGUARDED_AVAILABILITY = YES_AGGRESSIVE;
				CLANG_WARN_UNREACHABLE_CODE = YES;
				CLANG_WARN__DUPLICATE_METHOD_MATCH = YES;
				COPY_PHASE_STRIP = NO;
				DEBUG_INFORMATION_FORMAT = "dwarf-with-dsym";
				ENABLE_NS_ASSERTIONS = NO;
				ENABLE_STRICT_OBJC_MSGSEND = YES;
				ENABLE_USER_SCRIPT_SANDBOXING = YES;
				GCC_C_LANGUAGE_STANDARD = gnu17;
				GCC_NO_COMMON_BLOCKS = YES;
				GCC_WARN_64_TO_32_BIT_CONVERSION = YES;
				GCC_WARN_ABOUT_RETURN_TYPE = YES_ERROR;
				GCC_WARN_UNDECLARED_SELECTOR = YES;
				GCC_WARN_UNINITIALIZED_AUTOS = YES_AGGRESSIVE;
				GCC_WARN_UNUSED_FUNCTION = YES;
				GCC_WARN_UNUSED_VARIABLE = YES;
				IPHONEOS_DEPLOYMENT_TARGET = 17.0;
				LOCALIZATION_PREFERS_STRING_CATALOGS = YES;
				MTL_ENABLE_DEBUG_INFO = NO;
				MTL_FAST_MATH = YES;
				SDKROOT = iphoneos;
				SWIFT_COMPILATION_MODE = wholemodule;
				VALIDATE_PRODUCT = YES;
			};
			name = Release;
		};
		263049112B5FFD69000EBBDD /* Debug */ = {
			isa = XCBuildConfiguration;
			buildSettings = {
				ASSETCATALOG_COMPILER_APPICON_NAME = AppIcon;
				ASSETCATALOG_COMPILER_GLOBAL_ACCENT_COLOR_NAME = AccentColor;
				CODE_SIGN_STYLE = Automatic;
				CURRENT_PROJECT_VERSION = 1;
				DEVELOPMENT_ASSET_PATHS = "\"yu-gi-oh-cardex/Preview Content\"";
				ENABLE_PREVIEWS = YES;
				GENERATE_INFOPLIST_FILE = YES;
				INFOPLIST_KEY_UIApplicationSceneManifest_Generation = YES;
				INFOPLIST_KEY_UIApplicationSupportsIndirectInputEvents = YES;
				INFOPLIST_KEY_UILaunchScreen_Generation = YES;
				INFOPLIST_KEY_UISupportedInterfaceOrientations_iPad = "UIInterfaceOrientationPortrait UIInterfaceOrientationPortraitUpsideDown UIInterfaceOrientationLandscapeLeft UIInterfaceOrientationLandscapeRight";
				INFOPLIST_KEY_UISupportedInterfaceOrientations_iPhone = "UIInterfaceOrientationPortrait UIInterfaceOrientationLandscapeLeft UIInterfaceOrientationLandscapeRight";
				LD_RUNPATH_SEARCH_PATHS = (
					"$(inherited)",
					"@executable_path/Frameworks",
				);
				MARKETING_VERSION = 1.0;
				PRODUCT_BUNDLE_IDENTIFIER = "hr.ferit.yu-gi-oh-cardex";
				PRODUCT_NAME = "$(TARGET_NAME)";
				SWIFT_EMIT_LOC_STRINGS = YES;
				SWIFT_VERSION = 5.0;
				TARGETED_DEVICE_FAMILY = "1,2";
			};
			name = Debug;
		};
		263049122B5FFD69000EBBDD /* Release */ = {
			isa = XCBuildConfiguration;
			buildSettings = {
				ASSETCATALOG_COMPILER_APPICON_NAME = AppIcon;
				ASSETCATALOG_COMPILER_GLOBAL_ACCENT_COLOR_NAME = AccentColor;
				CODE_SIGN_STYLE = Automatic;
				CURRENT_PROJECT_VERSION = 1;
				DEVELOPMENT_ASSET_PATHS = "\"yu-gi-oh-cardex/Preview Content\"";
				ENABLE_PREVIEWS = YES;
				GENERATE_INFOPLIST_FILE = YES;
				INFOPLIST_KEY_UIApplicationSceneManifest_Generation = YES;
				INFOPLIST_KEY_UIApplicationSupportsIndirectInputEvents = YES;
				INFOPLIST_KEY_UILaunchScreen_Generation = YES;
				INFOPLIST_KEY_UISupportedInterfaceOrientations_iPad = "UIInterfaceOrientationPortrait UIInterfaceOrientationPortraitUpsideDown UIInterfaceOrientationLandscapeLeft UIInterfaceOrientationLandscapeRight";
				INFOPLIST_KEY_UISupportedInterfaceOrientations_iPhone = "UIInterfaceOrientationPortrait UIInterfaceOrientationLandscapeLeft UIInterfaceOrientationLandscapeRight";
				LD_RUNPATH_SEARCH_PATHS = (
					"$(inherited)",
					"@executable_path/Frameworks",
				);
				MARKETING_VERSION = 1.0;
				PRODUCT_BUNDLE_IDENTIFIER = "hr.ferit.yu-gi-oh-cardex";
				PRODUCT_NAME = "$(TARGET_NAME)";
				SWIFT_EMIT_LOC_STRINGS = YES;
				SWIFT_VERSION = 5.0;
				TARGETED_DEVICE_FAMILY = "1,2";
			};
			name = Release;
		};
/* End XCBuildConfiguration section */

/* Begin XCConfigurationList section */
		263048FD2B5FFD68000EBBDD /* Build configuration list for PBXProject "yu-gi-oh-cardex" */ = {
			isa = XCConfigurationList;
			buildConfigurations = (
				2630490E2B5FFD69000EBBDD /* Debug */,
				2630490F2B5FFD69000EBBDD /* Release */,
			);
			defaultConfigurationIsVisible = 0;
			defaultConfigurationName = Release;
		};
		263049102B5FFD69000EBBDD /* Build configuration list for PBXNativeTarget "yu-gi-oh-cardex" */ = {
			isa = XCConfigurationList;
			buildConfigurations = (
				263049112B5FFD69000EBBDD /* Debug */,
				263049122B5FFD69000EBBDD /* Release */,
			);
			defaultConfigurationIsVisible = 0;
			defaultConfigurationName = Release;
		};
/* End XCConfigurationList section */
	};
	rootObject = 263048FA2B5FFD68000EBBDD /* Project object */;
}
